// !$*UTF8*$!
{
	archiveVersion = 1;
	classes = {
	};
	objectVersion = 51;
	objects = {

/* Begin PBXBuildFile section */
		25EE5273EAFBDEF6B1DDA258 /* Pods_HelloMovieTests.framework in Frameworks */ = {isa = PBXBuildFile; fileRef = 6B856184D382DD02EDA2ABD3 /* Pods_HelloMovieTests.framework */; };
		CBF1CA47230CE047003D64E9 /* AppDelegate.swift in Sources */ = {isa = PBXBuildFile; fileRef = CBF1CA46230CE047003D64E9 /* AppDelegate.swift */; };
		CBF1CA4E230CE048003D64E9 /* Assets.xcassets in Resources */ = {isa = PBXBuildFile; fileRef = CBF1CA4D230CE048003D64E9 /* Assets.xcassets */; };
		CBF1CA51230CE048003D64E9 /* LaunchScreen.storyboard in Resources */ = {isa = PBXBuildFile; fileRef = CBF1CA4F230CE048003D64E9 /* LaunchScreen.storyboard */; };
		CBF1CA5C230CE048003D64E9 /* HelloMovieTests.swift in Sources */ = {isa = PBXBuildFile; fileRef = CBF1CA5B230CE048003D64E9 /* HelloMovieTests.swift */; };
		CBF1CA6B230CE50C003D64E9 /* MovieListVC.swift in Sources */ = {isa = PBXBuildFile; fileRef = CBF1CA6A230CE50C003D64E9 /* MovieListVC.swift */; };
		CBF1CA6F230CE648003D64E9 /* MovieListTVC.swift in Sources */ = {isa = PBXBuildFile; fileRef = CBF1CA6E230CE648003D64E9 /* MovieListTVC.swift */; };
		CBF1CA71230CEA4D003D64E9 /* TMDRouter.swift in Sources */ = {isa = PBXBuildFile; fileRef = CBF1CA70230CEA4D003D64E9 /* TMDRouter.swift */; };
		CBF1CA74230CED43003D64E9 /* Network.swift in Sources */ = {isa = PBXBuildFile; fileRef = CBF1CA73230CED43003D64E9 /* Network.swift */; };
		CBF1CA76230CF2E6003D64E9 /* Main.storyboard in Resources */ = {isa = PBXBuildFile; fileRef = CBF1CA75230CF2E6003D64E9 /* Main.storyboard */; };
		CBF1CA79230CF53A003D64E9 /* Movie.swift in Sources */ = {isa = PBXBuildFile; fileRef = CBF1CA78230CF53A003D64E9 /* Movie.swift */; };
		CBF1CA7D230D37FF003D64E9 /* MovieDetailVC.swift in Sources */ = {isa = PBXBuildFile; fileRef = CBF1CA7C230D37FF003D64E9 /* MovieDetailVC.swift */; };
		CD28FBE46B04A793A0AEADDE /* Pods_HelloMovie.framework in Frameworks */ = {isa = PBXBuildFile; fileRef = ABC77195779A79E45AB80619 /* Pods_HelloMovie.framework */; };
/* End PBXBuildFile section */

/* Begin PBXContainerItemProxy section */
		CBF1CA58230CE048003D64E9 /* PBXContainerItemProxy */ = {
			isa = PBXContainerItemProxy;
			containerPortal = CBF1CA3B230CE047003D64E9 /* Project object */;
			proxyType = 1;
			remoteGlobalIDString = CBF1CA42230CE047003D64E9;
			remoteInfo = HelloMovie;
		};
/* End PBXContainerItemProxy section */

/* Begin PBXFileReference section */
		666140D8EDB17446B76ECBF7 /* Pods-HelloMovieTests.debug.xcconfig */ = {isa = PBXFileReference; includeInIndex = 1; lastKnownFileType = text.xcconfig; name = "Pods-HelloMovieTests.debug.xcconfig"; path = "Target Support Files/Pods-HelloMovieTests/Pods-HelloMovieTests.debug.xcconfig"; sourceTree = "<group>"; };
		6B856184D382DD02EDA2ABD3 /* Pods_HelloMovieTests.framework */ = {isa = PBXFileReference; explicitFileType = wrapper.framework; includeInIndex = 0; path = Pods_HelloMovieTests.framework; sourceTree = BUILT_PRODUCTS_DIR; };
		7AB322D313BFA1F2B3FD887B /* Pods-HelloMovieTests.release.xcconfig */ = {isa = PBXFileReference; includeInIndex = 1; lastKnownFileType = text.xcconfig; name = "Pods-HelloMovieTests.release.xcconfig"; path = "Target Support Files/Pods-HelloMovieTests/Pods-HelloMovieTests.release.xcconfig"; sourceTree = "<group>"; };
		929FA877A54A75C83BE30673 /* Pods-HelloMovie.release.xcconfig */ = {isa = PBXFileReference; includeInIndex = 1; lastKnownFileType = text.xcconfig; name = "Pods-HelloMovie.release.xcconfig"; path = "Target Support Files/Pods-HelloMovie/Pods-HelloMovie.release.xcconfig"; sourceTree = "<group>"; };
		ABC77195779A79E45AB80619 /* Pods_HelloMovie.framework */ = {isa = PBXFileReference; explicitFileType = wrapper.framework; includeInIndex = 0; path = Pods_HelloMovie.framework; sourceTree = BUILT_PRODUCTS_DIR; };
		CBF1CA43230CE047003D64E9 /* HelloMovie.app */ = {isa = PBXFileReference; explicitFileType = wrapper.application; includeInIndex = 0; path = HelloMovie.app; sourceTree = BUILT_PRODUCTS_DIR; };
		CBF1CA46230CE047003D64E9 /* AppDelegate.swift */ = {isa = PBXFileReference; lastKnownFileType = sourcecode.swift; path = AppDelegate.swift; sourceTree = "<group>"; };
		CBF1CA4D230CE048003D64E9 /* Assets.xcassets */ = {isa = PBXFileReference; lastKnownFileType = folder.assetcatalog; path = Assets.xcassets; sourceTree = "<group>"; };
		CBF1CA50230CE048003D64E9 /* Base */ = {isa = PBXFileReference; lastKnownFileType = file.storyboard; name = Base; path = Base.lproj/LaunchScreen.storyboard; sourceTree = "<group>"; };
		CBF1CA52230CE048003D64E9 /* Info.plist */ = {isa = PBXFileReference; lastKnownFileType = text.plist.xml; path = Info.plist; sourceTree = "<group>"; };
		CBF1CA57230CE048003D64E9 /* HelloMovieTests.xctest */ = {isa = PBXFileReference; explicitFileType = wrapper.cfbundle; includeInIndex = 0; path = HelloMovieTests.xctest; sourceTree = BUILT_PRODUCTS_DIR; };
		CBF1CA5B230CE048003D64E9 /* HelloMovieTests.swift */ = {isa = PBXFileReference; lastKnownFileType = sourcecode.swift; path = HelloMovieTests.swift; sourceTree = "<group>"; };
		CBF1CA5D230CE048003D64E9 /* Info.plist */ = {isa = PBXFileReference; lastKnownFileType = text.plist.xml; path = Info.plist; sourceTree = "<group>"; };
		CBF1CA6A230CE50C003D64E9 /* MovieListVC.swift */ = {isa = PBXFileReference; lastKnownFileType = sourcecode.swift; path = MovieListVC.swift; sourceTree = "<group>"; };
		CBF1CA6E230CE648003D64E9 /* MovieListTVC.swift */ = {isa = PBXFileReference; lastKnownFileType = sourcecode.swift; path = MovieListTVC.swift; sourceTree = "<group>"; };
		CBF1CA70230CEA4D003D64E9 /* TMDRouter.swift */ = {isa = PBXFileReference; lastKnownFileType = sourcecode.swift; path = TMDRouter.swift; sourceTree = "<group>"; };
		CBF1CA73230CED43003D64E9 /* Network.swift */ = {isa = PBXFileReference; lastKnownFileType = sourcecode.swift; path = Network.swift; sourceTree = "<group>"; };
		CBF1CA75230CF2E6003D64E9 /* Main.storyboard */ = {isa = PBXFileReference; fileEncoding = 4; lastKnownFileType = file.storyboard; name = Main.storyboard; path = HelloMovie/Main.storyboard; sourceTree = SOURCE_ROOT; };
		CBF1CA78230CF53A003D64E9 /* Movie.swift */ = {isa = PBXFileReference; lastKnownFileType = sourcecode.swift; path = Movie.swift; sourceTree = "<group>"; };
		CBF1CA7C230D37FF003D64E9 /* MovieDetailVC.swift */ = {isa = PBXFileReference; lastKnownFileType = sourcecode.swift; path = MovieDetailVC.swift; sourceTree = "<group>"; };
		F40D5A51EB97EBD52E3D1237 /* Pods-HelloMovie.debug.xcconfig */ = {isa = PBXFileReference; includeInIndex = 1; lastKnownFileType = text.xcconfig; name = "Pods-HelloMovie.debug.xcconfig"; path = "Target Support Files/Pods-HelloMovie/Pods-HelloMovie.debug.xcconfig"; sourceTree = "<group>"; };
/* End PBXFileReference section */

/* Begin PBXFrameworksBuildPhase section */
		CBF1CA40230CE047003D64E9 /* Frameworks */ = {
			isa = PBXFrameworksBuildPhase;
			buildActionMask = 2147483647;
			files = (
				CD28FBE46B04A793A0AEADDE /* Pods_HelloMovie.framework in Frameworks */,
			);
			runOnlyForDeploymentPostprocessing = 0;
		};
		CBF1CA54230CE048003D64E9 /* Frameworks */ = {
			isa = PBXFrameworksBuildPhase;
			buildActionMask = 2147483647;
			files = (
				25EE5273EAFBDEF6B1DDA258 /* Pods_HelloMovieTests.framework in Frameworks */,
			);
			runOnlyForDeploymentPostprocessing = 0;
		};
/* End PBXFrameworksBuildPhase section */

/* Begin PBXGroup section */
		765F461C65648C2ECDF654DB /* Pods */ = {
			isa = PBXGroup;
			children = (
				F40D5A51EB97EBD52E3D1237 /* Pods-HelloMovie.debug.xcconfig */,
				929FA877A54A75C83BE30673 /* Pods-HelloMovie.release.xcconfig */,
				666140D8EDB17446B76ECBF7 /* Pods-HelloMovieTests.debug.xcconfig */,
				7AB322D313BFA1F2B3FD887B /* Pods-HelloMovieTests.release.xcconfig */,
			);
			path = Pods;
			sourceTree = "<group>";
		};
		AEEA1B03073D0330789DA7C2 /* Frameworks */ = {
			isa = PBXGroup;
			children = (
				ABC77195779A79E45AB80619 /* Pods_HelloMovie.framework */,
				6B856184D382DD02EDA2ABD3 /* Pods_HelloMovieTests.framework */,
			);
			name = Frameworks;
			sourceTree = "<group>";
		};
		CBF1CA3A230CE047003D64E9 = {
			isa = PBXGroup;
			children = (
				CBF1CA45230CE047003D64E9 /* HelloMovie */,
				CBF1CA5A230CE048003D64E9 /* HelloMovieTests */,
				CBF1CA44230CE047003D64E9 /* Products */,
				765F461C65648C2ECDF654DB /* Pods */,
				AEEA1B03073D0330789DA7C2 /* Frameworks */,
			);
			sourceTree = "<group>";
		};
		CBF1CA44230CE047003D64E9 /* Products */ = {
			isa = PBXGroup;
			children = (
				CBF1CA43230CE047003D64E9 /* HelloMovie.app */,
				CBF1CA57230CE048003D64E9 /* HelloMovieTests.xctest */,
			);
			name = Products;
			sourceTree = "<group>";
		};
		CBF1CA45230CE047003D64E9 /* HelloMovie */ = {
			isa = PBXGroup;
			children = (
				CBF1CA66230CE0B2003D64E9 /* SupportFiles */,
				CBF1CA77230CF52C003D64E9 /* Model */,
				CBF1CA72230CECFE003D64E9 /* Network */,
				CBF1CA46230CE047003D64E9 /* AppDelegate.swift */,
				CBF1CA75230CF2E6003D64E9 /* Main.storyboard */,
				CBF1CA6A230CE50C003D64E9 /* MovieListVC.swift */,
				CBF1CA6E230CE648003D64E9 /* MovieListTVC.swift */,
				CBF1CA7C230D37FF003D64E9 /* MovieDetailVC.swift */,
			);
			path = HelloMovie;
			sourceTree = "<group>";
		};
		CBF1CA5A230CE048003D64E9 /* HelloMovieTests */ = {
			isa = PBXGroup;
			children = (
				CBF1CA5B230CE048003D64E9 /* HelloMovieTests.swift */,
				CBF1CA5D230CE048003D64E9 /* Info.plist */,
			);
			path = HelloMovieTests;
			sourceTree = "<group>";
		};
		CBF1CA66230CE0B2003D64E9 /* SupportFiles */ = {
			isa = PBXGroup;
			children = (
				CBF1CA52230CE048003D64E9 /* Info.plist */,
				CBF1CA4F230CE048003D64E9 /* LaunchScreen.storyboard */,
				CBF1CA4D230CE048003D64E9 /* Assets.xcassets */,
			);
			path = SupportFiles;
			sourceTree = "<group>";
		};
		CBF1CA72230CECFE003D64E9 /* Network */ = {
			isa = PBXGroup;
			children = (
				CBF1CA73230CED43003D64E9 /* Network.swift */,
				CBF1CA70230CEA4D003D64E9 /* TMDRouter.swift */,
			);
			path = Network;
			sourceTree = "<group>";
		};
		CBF1CA77230CF52C003D64E9 /* Model */ = {
			isa = PBXGroup;
			children = (
				CBF1CA78230CF53A003D64E9 /* Movie.swift */,
			);
			path = Model;
			sourceTree = "<group>";
		};
/* End PBXGroup section */

/* Begin PBXNativeTarget section */
		CBF1CA42230CE047003D64E9 /* HelloMovie */ = {
			isa = PBXNativeTarget;
			buildConfigurationList = CBF1CA60230CE048003D64E9 /* Build configuration list for PBXNativeTarget "HelloMovie" */;
			buildPhases = (
				87FC13B3CA171B299F2B8E87 /* [CP] Check Pods Manifest.lock */,
				CBF1CA3F230CE047003D64E9 /* Sources */,
				CBF1CA40230CE047003D64E9 /* Frameworks */,
				CBF1CA41230CE047003D64E9 /* Resources */,
				B8763093DF832F07EEF0F6DA /* [CP] Embed Pods Frameworks */,
			);
			buildRules = (
			);
			dependencies = (
			);
			name = HelloMovie;
			productName = HelloMovie;
			productReference = CBF1CA43230CE047003D64E9 /* HelloMovie.app */;
			productType = "com.apple.product-type.application";
		};
		CBF1CA56230CE048003D64E9 /* HelloMovieTests */ = {
			isa = PBXNativeTarget;
			buildConfigurationList = CBF1CA63230CE048003D64E9 /* Build configuration list for PBXNativeTarget "HelloMovieTests" */;
			buildPhases = (
				FE1F475F4654B6B8E597402C /* [CP] Check Pods Manifest.lock */,
				CBF1CA53230CE048003D64E9 /* Sources */,
				CBF1CA54230CE048003D64E9 /* Frameworks */,
				CBF1CA55230CE048003D64E9 /* Resources */,
			);
			buildRules = (
			);
			dependencies = (
				CBF1CA59230CE048003D64E9 /* PBXTargetDependency */,
			);
			name = HelloMovieTests;
			productName = HelloMovieTests;
			productReference = CBF1CA57230CE048003D64E9 /* HelloMovieTests.xctest */;
			productType = "com.apple.product-type.bundle.unit-test";
		};
/* End PBXNativeTarget section */

/* Begin PBXProject section */
		CBF1CA3B230CE047003D64E9 /* Project object */ = {
			isa = PBXProject;
			attributes = {
				LastSwiftUpdateCheck = 1030;
				LastUpgradeCheck = 1030;
				ORGANIZATIONNAME = "Het Song";
				TargetAttributes = {
					CBF1CA42230CE047003D64E9 = {
						CreatedOnToolsVersion = 10.3;
					};
					CBF1CA56230CE048003D64E9 = {
						CreatedOnToolsVersion = 10.3;
						TestTargetID = CBF1CA42230CE047003D64E9;
					};
				};
			};
			buildConfigurationList = CBF1CA3E230CE047003D64E9 /* Build configuration list for PBXProject "HelloMovie" */;
			compatibilityVersion = "Xcode 9.3";
			developmentRegion = en;
			hasScannedForEncodings = 0;
			knownRegions = (
				en,
				Base,
			);
			mainGroup = CBF1CA3A230CE047003D64E9;
			productRefGroup = CBF1CA44230CE047003D64E9 /* Products */;
			projectDirPath = "";
			projectRoot = "";
			targets = (
				CBF1CA42230CE047003D64E9 /* HelloMovie */,
				CBF1CA56230CE048003D64E9 /* HelloMovieTests */,
			);
		};
/* End PBXProject section */

/* Begin PBXResourcesBuildPhase section */
		CBF1CA41230CE047003D64E9 /* Resources */ = {
			isa = PBXResourcesBuildPhase;
			buildActionMask = 2147483647;
			files = (
				CBF1CA76230CF2E6003D64E9 /* Main.storyboard in Resources */,
				CBF1CA51230CE048003D64E9 /* LaunchScreen.storyboard in Resources */,
				CBF1CA4E230CE048003D64E9 /* Assets.xcassets in Resources */,
			);
			runOnlyForDeploymentPostprocessing = 0;
		};
		CBF1CA55230CE048003D64E9 /* Resources */ = {
			isa = PBXResourcesBuildPhase;
			buildActionMask = 2147483647;
			files = (
			);
			runOnlyForDeploymentPostprocessing = 0;
		};
/* End PBXResourcesBuildPhase section */

/* Begin PBXShellScriptBuildPhase section */
		87FC13B3CA171B299F2B8E87 /* [CP] Check Pods Manifest.lock */ = {
			isa = PBXShellScriptBuildPhase;
			buildActionMask = 2147483647;
			files = (
			);
			inputFileListPaths = (
			);
			inputPaths = (
				"${PODS_PODFILE_DIR_PATH}/Podfile.lock",
				"${PODS_ROOT}/Manifest.lock",
			);
			name = "[CP] Check Pods Manifest.lock";
			outputFileListPaths = (
			);
			outputPaths = (
				"$(DERIVED_FILE_DIR)/Pods-HelloMovie-checkManifestLockResult.txt",
			);
			runOnlyForDeploymentPostprocessing = 0;
			shellPath = /bin/sh;
			shellScript = "diff \"${PODS_PODFILE_DIR_PATH}/Podfile.lock\" \"${PODS_ROOT}/Manifest.lock\" > /dev/null\nif [ $? != 0 ] ; then\n    # print error to STDERR\n    echo \"error: The sandbox is not in sync with the Podfile.lock. Run 'pod install' or update your CocoaPods installation.\" >&2\n    exit 1\nfi\n# This output is used by Xcode 'outputs' to avoid re-running this script phase.\necho \"SUCCESS\" > \"${SCRIPT_OUTPUT_FILE_0}\"\n";
			showEnvVarsInLog = 0;
		};
		B8763093DF832F07EEF0F6DA /* [CP] Embed Pods Frameworks */ = {
			isa = PBXShellScriptBuildPhase;
			buildActionMask = 2147483647;
			files = (
			);
			inputFileListPaths = (
				"${PODS_ROOT}/Target Support Files/Pods-HelloMovie/Pods-HelloMovie-frameworks-${CONFIGURATION}-input-files.xcfilelist",
			);
			name = "[CP] Embed Pods Frameworks";
			outputFileListPaths = (
				"${PODS_ROOT}/Target Support Files/Pods-HelloMovie/Pods-HelloMovie-frameworks-${CONFIGURATION}-output-files.xcfilelist",
			);
			runOnlyForDeploymentPostprocessing = 0;
			shellPath = /bin/sh;
			shellScript = "\"${PODS_ROOT}/Target Support Files/Pods-HelloMovie/Pods-HelloMovie-frameworks.sh\"\n";
			showEnvVarsInLog = 0;
		};
		FE1F475F4654B6B8E597402C /* [CP] Check Pods Manifest.lock */ = {
			isa = PBXShellScriptBuildPhase;
			buildActionMask = 2147483647;
			files = (
			);
			inputFileListPaths = (
			);
			inputPaths = (
				"${PODS_PODFILE_DIR_PATH}/Podfile.lock",
				"${PODS_ROOT}/Manifest.lock",
			);
			name = "[CP] Check Pods Manifest.lock";
			outputFileListPaths = (
			);
			outputPaths = (
				"$(DERIVED_FILE_DIR)/Pods-HelloMovieTests-checkManifestLockResult.txt",
			);
			runOnlyForDeploymentPostprocessing = 0;
			shellPath = /bin/sh;
			shellScript = "diff \"${PODS_PODFILE_DIR_PATH}/Podfile.lock\" \"${PODS_ROOT}/Manifest.lock\" > /dev/null\nif [ $? != 0 ] ; then\n    # print error to STDERR\n    echo \"error: The sandbox is not in sync with the Podfile.lock. Run 'pod install' or update your CocoaPods installation.\" >&2\n    exit 1\nfi\n# This output is used by Xcode 'outputs' to avoid re-running this script phase.\necho \"SUCCESS\" > \"${SCRIPT_OUTPUT_FILE_0}\"\n";
			showEnvVarsInLog = 0;
		};
/* End PBXShellScriptBuildPhase section */

/* Begin PBXSourcesBuildPhase section */
		CBF1CA3F230CE047003D64E9 /* Sources */ = {
			isa = PBXSourcesBuildPhase;
			buildActionMask = 2147483647;
			files = (
				CBF1CA7D230D37FF003D64E9 /* MovieDetailVC.swift in Sources */,
				CBF1CA79230CF53A003D64E9 /* Movie.swift in Sources */,
				CBF1CA6F230CE648003D64E9 /* MovieListTVC.swift in Sources */,
				CBF1CA71230CEA4D003D64E9 /* TMDRouter.swift in Sources */,
				CBF1CA74230CED43003D64E9 /* Network.swift in Sources */,
				CBF1CA47230CE047003D64E9 /* AppDelegate.swift in Sources */,
				CBF1CA6B230CE50C003D64E9 /* MovieListVC.swift in Sources */,
			);
			runOnlyForDeploymentPostprocessing = 0;
		};
		CBF1CA53230CE048003D64E9 /* Sources */ = {
			isa = PBXSourcesBuildPhase;
			buildActionMask = 2147483647;
			files = (
				CBF1CA5C230CE048003D64E9 /* HelloMovieTests.swift in Sources */,
			);
			runOnlyForDeploymentPostprocessing = 0;
		};
/* End PBXSourcesBuildPhase section */

/* Begin PBXTargetDependency section */
		CBF1CA59230CE048003D64E9 /* PBXTargetDependency */ = {
			isa = PBXTargetDependency;
			target = CBF1CA42230CE047003D64E9 /* HelloMovie */;
			targetProxy = CBF1CA58230CE048003D64E9 /* PBXContainerItemProxy */;
		};
/* End PBXTargetDependency section */

/* Begin PBXVariantGroup section */
		CBF1CA4F230CE048003D64E9 /* LaunchScreen.storyboard */ = {
			isa = PBXVariantGroup;
			children = (
				CBF1CA50230CE048003D64E9 /* Base */,
			);
			name = LaunchScreen.storyboard;
			sourceTree = "<group>";
		};
/* End PBXVariantGroup section */

/* Begin XCBuildConfiguration section */
		CBF1CA5E230CE048003D64E9 /* Debug */ = {
			isa = XCBuildConfiguration;
			buildSettings = {
				ALWAYS_SEARCH_USER_PATHS = NO;
				CLANG_ANALYZER_NONNULL = YES;
				CLANG_ANALYZER_NUMBER_OBJECT_CONVERSION = YES_AGGRESSIVE;
				CLANG_CXX_LANGUAGE_STANDARD = "gnu++14";
				CLANG_CXX_LIBRARY = "libc++";
				CLANG_ENABLE_MODULES = YES;
				CLANG_ENABLE_OBJC_ARC = YES;
				CLANG_ENABLE_OBJC_WEAK = YES;
				CLANG_WARN_BLOCK_CAPTURE_AUTORELEASING = YES;
				CLANG_WARN_BOOL_CONVERSION = YES;
				CLANG_WARN_COMMA = YES;
				CLANG_WARN_CONSTANT_CONVERSION = YES;
				CLANG_WARN_DEPRECATED_OBJC_IMPLEMENTATIONS = YES;
				CLANG_WARN_DIRECT_OBJC_ISA_USAGE = YES_ERROR;
				CLANG_WARN_DOCUMENTATION_COMMENTS = YES;
				CLANG_WARN_EMPTY_BODY = YES;
				CLANG_WARN_ENUM_CONVERSION = YES;
				CLANG_WARN_INFINITE_RECURSION = YES;
				CLANG_WARN_INT_CONVERSION = YES;
				CLANG_WARN_NON_LITERAL_NULL_CONVERSION = YES;
				CLANG_WARN_OBJC_IMPLICIT_RETAIN_SELF = YES;
				CLANG_WARN_OBJC_LITERAL_CONVERSION = YES;
				CLANG_WARN_OBJC_ROOT_CLASS = YES_ERROR;
				CLANG_WARN_RANGE_LOOP_ANALYSIS = YES;
				CLANG_WARN_STRICT_PROTOTYPES = YES;
				CLANG_WARN_SUSPICIOUS_MOVE = YES;
				CLANG_WARN_UNGUARDED_AVAILABILITY = YES_AGGRESSIVE;
				CLANG_WARN_UNREACHABLE_CODE = YES;
				CLANG_WARN__DUPLICATE_METHOD_MATCH = YES;
				CODE_SIGN_IDENTITY = "iPhone Developer";
				COPY_PHASE_STRIP = NO;
				DEBUG_INFORMATION_FORMAT = dwarf;
				ENABLE_STRICT_OBJC_MSGSEND = YES;
				ENABLE_TESTABILITY = YES;
				GCC_C_LANGUAGE_STANDARD = gnu11;
				GCC_DYNAMIC_NO_PIC = NO;
				GCC_NO_COMMON_BLOCKS = YES;
				GCC_OPTIMIZATION_LEVEL = 0;
				GCC_PREPROCESSOR_DEFINITIONS = (
					"DEBUG=1",
					"$(inherited)",
				);
				GCC_WARN_64_TO_32_BIT_CONVERSION = YES;
				GCC_WARN_ABOUT_RETURN_TYPE = YES_ERROR;
				GCC_WARN_UNDECLARED_SELECTOR = YES;
				GCC_WARN_UNINITIALIZED_AUTOS = YES_AGGRESSIVE;
				GCC_WARN_UNUSED_FUNCTION = YES;
				GCC_WARN_UNUSED_VARIABLE = YES;
				IPHONEOS_DEPLOYMENT_TARGET = 9.0;
				MTL_ENABLE_DEBUG_INFO = INCLUDE_SOURCE;
				MTL_FAST_MATH = YES;
				ONLY_ACTIVE_ARCH = YES;
				SDKROOT = iphoneos;
				SWIFT_ACTIVE_COMPILATION_CONDITIONS = DEBUG;
				SWIFT_OPTIMIZATION_LEVEL = "-Onone";
			};
			name = Debug;
		};
		CBF1CA5F230CE048003D64E9 /* Release */ = {
			isa = XCBuildConfiguration;
			buildSettings = {
				ALWAYS_SEARCH_USER_PATHS = NO;
				CLANG_ANALYZER_NONNULL = YES;
				CLANG_ANALYZER_NUMBER_OBJECT_CONVERSION = YES_AGGRESSIVE;
				CLANG_CXX_LANGUAGE_STANDARD = "gnu++14";
				CLANG_CXX_LIBRARY = "libc++";
				CLANG_ENABLE_MODULES = YES;
				CLANG_ENABLE_OBJC_ARC = YES;
				CLANG_ENABLE_OBJC_WEAK = YES;
				CLANG_WARN_BLOCK_CAPTURE_AUTORELEASING = YES;
				CLANG_WARN_BOOL_CONVERSION = YES;
				CLANG_WARN_COMMA = YES;
				CLANG_WARN_CONSTANT_CONVERSION = YES;
				CLANG_WARN_DEPRECATED_OBJC_IMPLEMENTATIONS = YES;
				CLANG_WARN_DIRECT_OBJC_ISA_USAGE = YES_ERROR;
				CLANG_WARN_DOCUMENTATION_COMMENTS = YES;
				CLANG_WARN_EMPTY_BODY = YES;
				CLANG_WARN_ENUM_CONVERSION = YES;
				CLANG_WARN_INFINITE_RECURSION = YES;
				CLANG_WARN_INT_CONVERSION = YES;
				CLANG_WARN_NON_LITERAL_NULL_CONVERSION = YES;
				CLANG_WARN_OBJC_IMPLICIT_RETAIN_SELF = YES;
				CLANG_WARN_OBJC_LITERAL_CONVERSION = YES;
				CLANG_WARN_OBJC_ROOT_CLASS = YES_ERROR;
				CLANG_WARN_RANGE_LOOP_ANALYSIS = YES;
				CLANG_WARN_STRICT_PROTOTYPES = YES;
				CLANG_WARN_SUSPICIOUS_MOVE = YES;
				CLANG_WARN_UNGUARDED_AVAILABILITY = YES_AGGRESSIVE;
				CLANG_WARN_UNREACHABLE_CODE = YES;
				CLANG_WARN__DUPLICATE_METHOD_MATCH = YES;
				CODE_SIGN_IDENTITY = "iPhone Developer";
				COPY_PHASE_STRIP = NO;
				DEBUG_INFORMATION_FORMAT = "dwarf-with-dsym";
				ENABLE_NS_ASSERTIONS = NO;
				ENABLE_STRICT_OBJC_MSGSEND = YES;
				GCC_C_LANGUAGE_STANDARD = gnu11;
				GCC_NO_COMMON_BLOCKS = YES;
				GCC_WARN_64_TO_32_BIT_CONVERSION = YES;
				GCC_WARN_ABOUT_RETURN_TYPE = YES_ERROR;
				GCC_WARN_UNDECLARED_SELECTOR = YES;
				GCC_WARN_UNINITIALIZED_AUTOS = YES_AGGRESSIVE;
				GCC_WARN_UNUSED_FUNCTION = YES;
				GCC_WARN_UNUSED_VARIABLE = YES;
				IPHONEOS_DEPLOYMENT_TARGET = 9.0;
				MTL_ENABLE_DEBUG_INFO = NO;
				MTL_FAST_MATH = YES;
				SDKROOT = iphoneos;
				SWIFT_COMPILATION_MODE = wholemodule;
				SWIFT_OPTIMIZATION_LEVEL = "-O";
				VALIDATE_PRODUCT = YES;
			};
			name = Release;
		};
		CBF1CA61230CE048003D64E9 /* Debug */ = {
			isa = XCBuildConfiguration;
			baseConfigurationReference = F40D5A51EB97EBD52E3D1237 /* Pods-HelloMovie.debug.xcconfig */;
			buildSettings = {
				ASSETCATALOG_COMPILER_APPICON_NAME = AppIcon;
				CODE_SIGN_STYLE = Automatic;
				DEVELOPMENT_TEAM = RG8N8ES43K;
				INFOPLIST_FILE = "$(SRCROOT)/HelloMovie/SupportFiles/Info.plist";
				LD_RUNPATH_SEARCH_PATHS = (
					"$(inherited)",
					"@executable_path/Frameworks",
				);
				PRODUCT_BUNDLE_IDENTIFIER = com.HET.HelloMovie;
				PRODUCT_NAME = "$(TARGET_NAME)";
				SWIFT_VERSION = 5.0;
				TARGETED_DEVICE_FAMILY = "1,2";
			};
			name = Debug;
		};
		CBF1CA62230CE048003D64E9 /* Release */ = {
			isa = XCBuildConfiguration;
			baseConfigurationReference = 929FA877A54A75C83BE30673 /* Pods-HelloMovie.release.xcconfig */;
			buildSettings = {
				ASSETCATALOG_COMPILER_APPICON_NAME = AppIcon;
				CODE_SIGN_STYLE = Automatic;
				DEVELOPMENT_TEAM = RG8N8ES43K;
				INFOPLIST_FILE = "$(SRCROOT)/HelloMovie/SupportFiles/Info.plist";
				LD_RUNPATH_SEARCH_PATHS = (
					"$(inherited)",
					"@executable_path/Frameworks",
				);
				PRODUCT_BUNDLE_IDENTIFIER = com.HET.HelloMovie;
				PRODUCT_NAME = "$(TARGET_NAME)";
				SWIFT_VERSION = 5.0;
				TARGETED_DEVICE_FAMILY = "1,2";
			};
			name = Release;
		};
		CBF1CA64230CE048003D64E9 /* Debug */ = {
			isa = XCBuildConfiguration;
			baseConfigurationReference = 666140D8EDB17446B76ECBF7 /* Pods-HelloMovieTests.debug.xcconfig */;
			buildSettings = {
				ALWAYS_EMBED_SWIFT_STANDARD_LIBRARIES = YES;
				BUNDLE_LOADER = "$(TEST_HOST)";
				CODE_SIGN_STYLE = Automatic;
				DEVELOPMENT_TEAM = RG8N8ES43K;
				INFOPLIST_FILE = HelloMovieTests/Info.plist;
				LD_RUNPATH_SEARCH_PATHS = (
					"$(inherited)",
					"@executable_path/Frameworks",
					"@loader_path/Frameworks",
				);
				PRODUCT_BUNDLE_IDENTIFIER = com.HET.HelloMovieTests;
				PRODUCT_NAME = "$(TARGET_NAME)";
				SWIFT_VERSION = 5.0;
				TARGETED_DEVICE_FAMILY = "1,2";
				TEST_HOST = "$(BUILT_PRODUCTS_DIR)/HelloMovie.app/HelloMovie";
			};
			name = Debug;
		};
		CBF1CA65230CE048003D64E9 /* Release */ = {
			isa = XCBuildConfiguration;
			baseConfigurationReference = 7AB322D313BFA1F2B3FD887B /* Pods-HelloMovieTests.release.xcconfig */;
			buildSettings = {
				ALWAYS_EMBED_SWIFT_STANDARD_LIBRARIES = YES;
				BUNDLE_LOADER = "$(TEST_HOST)";
				CODE_SIGN_STYLE = Automatic;
				DEVELOPMENT_TEAM = RG8N8ES43K;
				INFOPLIST_FILE = HelloMovieTests/Info.plist;
				LD_RUNPATH_SEARCH_PATHS = (
					"$(inherited)",
					"@executable_path/Frameworks",
					"@loader_path/Frameworks",
				);
				PRODUCT_BUNDLE_IDENTIFIER = com.HET.HelloMovieTests;
				PRODUCT_NAME = "$(TARGET_NAME)";
				SWIFT_VERSION = 5.0;
				TARGETED_DEVICE_FAMILY = "1,2";
				TEST_HOST = "$(BUILT_PRODUCTS_DIR)/HelloMovie.app/HelloMovie";
			};
			name = Release;
		};
/* End XCBuildConfiguration section */

/* Begin XCConfigurationList section */
		CBF1CA3E230CE047003D64E9 /* Build configuration list for PBXProject "HelloMovie" */ = {
			isa = XCConfigurationList;
			buildConfigurations = (
				CBF1CA5E230CE048003D64E9 /* Debug */,
				CBF1CA5F230CE048003D64E9 /* Release */,
			);
			defaultConfigurationIsVisible = 0;
			defaultConfigurationName = Release;
		};
		CBF1CA60230CE048003D64E9 /* Build configuration list for PBXNativeTarget "HelloMovie" */ = {
			isa = XCConfigurationList;
			buildConfigurations = (
				CBF1CA61230CE048003D64E9 /* Debug */,
				CBF1CA62230CE048003D64E9 /* Release */,
			);
			defaultConfigurationIsVisible = 0;
			defaultConfigurationName = Release;
		};
		CBF1CA63230CE048003D64E9 /* Build configuration list for PBXNativeTarget "HelloMovieTests" */ = {
			isa = XCConfigurationList;
			buildConfigurations = (
				CBF1CA64230CE048003D64E9 /* Debug */,
				CBF1CA65230CE048003D64E9 /* Release */,
			);
			defaultConfigurationIsVisible = 0;
			defaultConfigurationName = Release;
		};
/* End XCConfigurationList section */
	};
	rootObject = CBF1CA3B230CE047003D64E9 /* Project object */;
}
